google.golang.org/genproto v0.0.0-20240617180043-68d350f18fd4 h1:CUiCqkPw1nNrNQzCCG4WA65m0nAmQiwXHpub3dNyruU=
google.golang.org/genproto v0.0.0-20240617180043-68d350f18fd4/go.mod h1:EvuUDCulqGgV80RvP1BHuom+smhX4qtlhnNatHuroGQ=
google.golang.org/protobuf v1.34.2 h1:6xV6lTsCfpGD21XK49h7MhtcApnLqkfYgPcdHftf6hg=
google.golang.org/protobuf v1.34.2/go.mod h1:qYOHts0dSfpeUzUFpOMr/WGzszTmLH+DiWniOlNbLDw=
